
Microsoft Visual Studio Solution File, Format Version 12.00
# Visual Studio Version 17
VisualStudioVersion = 17.2.32616.157
MinimumVisualStudioVersion = 10.0.40219.1
Project("{FAE04EC0-301F-11D3-BF4B-00C04F79EFBC}") = "ATMUI", "ATMUI\ATMUI.csproj", "{7391EB09-CC1A-412A-9CDA-B3884B45D529}"
EndProject
Global
	GlobalSection(SolutionConfigurationPlatforms) = preSolution
		Debug|Any CPU = Debug|Any CPU
		Release|Any CPU = Release|Any CPU
	EndGlobalSection
	GlobalSection(ProjectConfigurationPlatforms) = postSolution
		{7391EB09-CC1A-412A-9CDA-B3884B45D529}.Debug|Any CPU.ActiveCfg = Debug|Any CPU
		{7391EB09-CC1A-412A-9CDA-B3884B45D529}.Debug|Any CPU.Build.0 = Debug|Any CPU
		{7391EB09-CC1A-412A-9CDA-B3884B45D529}.Release|Any CPU.ActiveCfg = Release|Any CPU
		{7391EB09-CC1A-412A-9CDA-B3884B45D529}.Release|Any CPU.Build.0 = Release|Any CPU
	EndGlobalSection
	GlobalSection(SolutionProperties) = preSolution
		HideSolutionNode = FALSE
	EndGlobalSection
	GlobalSection(ExtensibilityGlobals) = postSolution
		SolutionGuid = {E2802F4A-E2E0-4275-9338-CC621DC14AF2}
	EndGlobalSection
EndGlobal
